// !$*UTF8*$!
{
	archiveVersion = 1;
	classes = {
	};
	objectVersion = 56;
	objects = {

/* Begin PBXBuildFile section */
		539164D62BCFFEFF0093453E /* SaidflixApp.swift in Sources */ = {isa = PBXBuildFile; fileRef = 539164D52BCFFEFF0093453E /* SaidflixApp.swift */; };
		539164D82BCFFEFF0093453E /* ContentView.swift in Sources */ = {isa = PBXBuildFile; fileRef = 539164D72BCFFEFF0093453E /* ContentView.swift */; };
		539164DA2BCFFF040093453E /* Assets.xcassets in Resources */ = {isa = PBXBuildFile; fileRef = 539164D92BCFFF040093453E /* Assets.xcassets */; };
		539164DD2BCFFF040093453E /* Preview Assets.xcassets in Resources */ = {isa = PBXBuildFile; fileRef = 539164DC2BCFFF040093453E /* Preview Assets.xcassets */; };
		539164E72BD004C40093453E /* HomeView.swift in Sources */ = {isa = PBXBuildFile; fileRef = 539164E62BD004C40093453E /* HomeView.swift */; };
		539164E92BD005810093453E /* FilterCell.swift in Sources */ = {isa = PBXBuildFile; fileRef = 539164E82BD005810093453E /* FilterCell.swift */; };
		539164EB2BD0059C0093453E /* FilterBarView.swift in Sources */ = {isa = PBXBuildFile; fileRef = 539164EA2BD0059C0093453E /* FilterBarView.swift */; };
		539164EF2BD005D50093453E /* HeroCell.swift in Sources */ = {isa = PBXBuildFile; fileRef = 539164EE2BD005D50093453E /* HeroCell.swift */; };
		539164F12BD007580093453E /* ImageLoaderView.swift in Sources */ = {isa = PBXBuildFile; fileRef = 539164F02BD007580093453E /* ImageLoaderView.swift */; };
		539164F32BD00C8D0093453E /* User.swift in Sources */ = {isa = PBXBuildFile; fileRef = 539164F22BD00C8D0093453E /* User.swift */; };
		539164F52BD010FD0093453E /* Product.swift in Sources */ = {isa = PBXBuildFile; fileRef = 539164F42BD010FD0093453E /* Product.swift */; };
		539164F72BD011130093453E /* Constants.swift in Sources */ = {isa = PBXBuildFile; fileRef = 539164F62BD011130093453E /* Constants.swift */; };
		539164F92BD0112B0093453E /* DatabaseHelper.swift in Sources */ = {isa = PBXBuildFile; fileRef = 539164F82BD0112B0093453E /* DatabaseHelper.swift */; };
		539164FC2BD011D70093453E /* SwiftfulUI in Frameworks */ = {isa = PBXBuildFile; productRef = 539164FB2BD011D70093453E /* SwiftfulUI */; };
		539164FF2BD011E30093453E /* SwiftfulRouting in Frameworks */ = {isa = PBXBuildFile; productRef = 539164FE2BD011E30093453E /* SwiftfulRouting */; };
		539165022BD011F60093453E /* SDWebImageSwiftUI in Frameworks */ = {isa = PBXBuildFile; productRef = 539165012BD011F60093453E /* SDWebImageSwiftUI */; };
/* End PBXBuildFile section */

/* Begin PBXFileReference section */
		539164D22BCFFEFF0093453E /* Saidflix.app */ = {isa = PBXFileReference; explicitFileType = wrapper.application; includeInIndex = 0; path = Saidflix.app; sourceTree = BUILT_PRODUCTS_DIR; };
		539164D52BCFFEFF0093453E /* SaidflixApp.swift */ = {isa = PBXFileReference; lastKnownFileType = sourcecode.swift; path = SaidflixApp.swift; sourceTree = "<group>"; };
		539164D72BCFFEFF0093453E /* ContentView.swift */ = {isa = PBXFileReference; lastKnownFileType = sourcecode.swift; path = ContentView.swift; sourceTree = "<group>"; };
		539164D92BCFFF040093453E /* Assets.xcassets */ = {isa = PBXFileReference; lastKnownFileType = folder.assetcatalog; path = Assets.xcassets; sourceTree = "<group>"; };
		539164DC2BCFFF040093453E /* Preview Assets.xcassets */ = {isa = PBXFileReference; lastKnownFileType = folder.assetcatalog; path = "Preview Assets.xcassets"; sourceTree = "<group>"; };
		539164E62BD004C40093453E /* HomeView.swift */ = {isa = PBXFileReference; lastKnownFileType = sourcecode.swift; path = HomeView.swift; sourceTree = "<group>"; };
		539164E82BD005810093453E /* FilterCell.swift */ = {isa = PBXFileReference; lastKnownFileType = sourcecode.swift; path = FilterCell.swift; sourceTree = "<group>"; };
		539164EA2BD0059C0093453E /* FilterBarView.swift */ = {isa = PBXFileReference; lastKnownFileType = sourcecode.swift; path = FilterBarView.swift; sourceTree = "<group>"; };
		539164EE2BD005D50093453E /* HeroCell.swift */ = {isa = PBXFileReference; lastKnownFileType = sourcecode.swift; path = HeroCell.swift; sourceTree = "<group>"; };
		539164F02BD007580093453E /* ImageLoaderView.swift */ = {isa = PBXFileReference; lastKnownFileType = sourcecode.swift; path = ImageLoaderView.swift; sourceTree = "<group>"; };
		539164F22BD00C8D0093453E /* User.swift */ = {isa = PBXFileReference; lastKnownFileType = sourcecode.swift; path = User.swift; sourceTree = "<group>"; };
		539164F42BD010FD0093453E /* Product.swift */ = {isa = PBXFileReference; lastKnownFileType = sourcecode.swift; path = Product.swift; sourceTree = "<group>"; };
		539164F62BD011130093453E /* Constants.swift */ = {isa = PBXFileReference; lastKnownFileType = sourcecode.swift; path = Constants.swift; sourceTree = "<group>"; };
		539164F82BD0112B0093453E /* DatabaseHelper.swift */ = {isa = PBXFileReference; lastKnownFileType = sourcecode.swift; path = DatabaseHelper.swift; sourceTree = "<group>"; };
/* End PBXFileReference section */

/* Begin PBXFrameworksBuildPhase section */
		539164CF2BCFFEFF0093453E /* Frameworks */ = {
			isa = PBXFrameworksBuildPhase;
			buildActionMask = 2147483647;
			files = (
				539165022BD011F60093453E /* SDWebImageSwiftUI in Frameworks */,
				539164FC2BD011D70093453E /* SwiftfulUI in Frameworks */,
				539164FF2BD011E30093453E /* SwiftfulRouting in Frameworks */,
			);
			runOnlyForDeploymentPostprocessing = 0;
		};
/* End PBXFrameworksBuildPhase section */

/* Begin PBXGroup section */
		539164C92BCFFEFF0093453E = {
			isa = PBXGroup;
			children = (
				539164D42BCFFEFF0093453E /* Saidflix */,
				539164D32BCFFEFF0093453E /* Products */,
			);
			sourceTree = "<group>";
		};
		539164D32BCFFEFF0093453E /* Products */ = {
			isa = PBXGroup;
			children = (
				539164D22BCFFEFF0093453E /* Saidflix.app */,
			);
			name = Products;
			sourceTree = "<group>";
		};
		539164D42BCFFEFF0093453E /* Saidflix */ = {
			isa = PBXGroup;
			children = (
				539164D52BCFFEFF0093453E /* SaidflixApp.swift */,
				539164D72BCFFEFF0093453E /* ContentView.swift */,
				539164E32BD002D10093453E /* Components */,
				539164E42BD002D80093453E /* Core */,
				539164E52BD002F40093453E /* Shared */,
				539164D92BCFFF040093453E /* Assets.xcassets */,
				539164DB2BCFFF040093453E /* Preview Content */,
			);
			path = Saidflix;
			sourceTree = "<group>";
		};
		539164DB2BCFFF040093453E /* Preview Content */ = {
			isa = PBXGroup;
			children = (
				539164DC2BCFFF040093453E /* Preview Assets.xcassets */,
			);
			path = "Preview Content";
			sourceTree = "<group>";
		};
		539164E32BD002D10093453E /* Components */ = {
			isa = PBXGroup;
			children = (
				539164E82BD005810093453E /* FilterCell.swift */,
				539164EA2BD0059C0093453E /* FilterBarView.swift */,
				539164EE2BD005D50093453E /* HeroCell.swift */,
			);
			path = Components;
			sourceTree = "<group>";
		};
		539164E42BD002D80093453E /* Core */ = {
			isa = PBXGroup;
			children = (
				539164E62BD004C40093453E /* HomeView.swift */,
			);
			path = Core;
			sourceTree = "<group>";
		};
		539164E52BD002F40093453E /* Shared */ = {
			isa = PBXGroup;
			children = (
				539164F02BD007580093453E /* ImageLoaderView.swift */,
				539164F22BD00C8D0093453E /* User.swift */,
				539164F42BD010FD0093453E /* Product.swift */,
				539164F62BD011130093453E /* Constants.swift */,
				539164F82BD0112B0093453E /* DatabaseHelper.swift */,
			);
			path = Shared;
			sourceTree = "<group>";
		};
/* End PBXGroup section */

/* Begin PBXNativeTarget section */
		539164D12BCFFEFF0093453E /* Saidflix */ = {
			isa = PBXNativeTarget;
			buildConfigurationList = 539164E02BCFFF040093453E /* Build configuration list for PBXNativeTarget "Saidflix" */;
			buildPhases = (
				539164CE2BCFFEFF0093453E /* Sources */,
				539164CF2BCFFEFF0093453E /* Frameworks */,
				539164D02BCFFEFF0093453E /* Resources */,
			);
			buildRules = (
			);
			dependencies = (
			);
			name = Saidflix;
			packageProductDependencies = (
				539164FB2BD011D70093453E /* SwiftfulUI */,
				539164FE2BD011E30093453E /* SwiftfulRouting */,
				539165012BD011F60093453E /* SDWebImageSwiftUI */,
			);
			productName = Saidflix;
			productReference = 539164D22BCFFEFF0093453E /* Saidflix.app */;
			productType = "com.apple.product-type.application";
		};
/* End PBXNativeTarget section */

/* Begin PBXProject section */
		539164CA2BCFFEFF0093453E /* Project object */ = {
			isa = PBXProject;
			attributes = {
				BuildIndependentTargetsInParallel = 1;
				LastSwiftUpdateCheck = 1530;
				LastUpgradeCheck = 1530;
				TargetAttributes = {
					539164D12BCFFEFF0093453E = {
						CreatedOnToolsVersion = 15.3;
					};
				};
			};
			buildConfigurationList = 539164CD2BCFFEFF0093453E /* Build configuration list for PBXProject "Saidflix" */;
			compatibilityVersion = "Xcode 14.0";
			developmentRegion = en;
			hasScannedForEncodings = 0;
			knownRegions = (
				en,
				Base,
			);
			mainGroup = 539164C92BCFFEFF0093453E;
			packageReferences = (
				539164FA2BD011D60093453E /* XCRemoteSwiftPackageReference "SwiftfulUI" */,
				539164FD2BD011E30093453E /* XCRemoteSwiftPackageReference "SwiftfulRouting" */,
				539165002BD011F60093453E /* XCRemoteSwiftPackageReference "SDWebImageSwiftUI" */,
			);
			productRefGroup = 539164D32BCFFEFF0093453E /* Products */;
			projectDirPath = "";
			projectRoot = "";
			targets = (
				539164D12BCFFEFF0093453E /* Saidflix */,
			);
		};
/* End PBXProject section */

/* Begin PBXResourcesBuildPhase section */
		539164D02BCFFEFF0093453E /* Resources */ = {
			isa = PBXResourcesBuildPhase;
			buildActionMask = 2147483647;
			files = (
				539164DD2BCFFF040093453E /* Preview Assets.xcassets in Resources */,
				539164DA2BCFFF040093453E /* Assets.xcassets in Resources */,
			);
			runOnlyForDeploymentPostprocessing = 0;
		};
/* End PBXResourcesBuildPhase section */

/* Begin PBXSourcesBuildPhase section */
		539164CE2BCFFEFF0093453E /* Sources */ = {
			isa = PBXSourcesBuildPhase;
			buildActionMask = 2147483647;
			files = (
				539164E72BD004C40093453E /* HomeView.swift in Sources */,
				539164E92BD005810093453E /* FilterCell.swift in Sources */,
				539164F52BD010FD0093453E /* Product.swift in Sources */,
				539164F92BD0112B0093453E /* DatabaseHelper.swift in Sources */,
				539164F12BD007580093453E /* ImageLoaderView.swift in Sources */,
				539164D82BCFFEFF0093453E /* ContentView.swift in Sources */,
				539164F72BD011130093453E /* Constants.swift in Sources */,
				539164F32BD00C8D0093453E /* User.swift in Sources */,
				539164EF2BD005D50093453E /* HeroCell.swift in Sources */,
				539164D62BCFFEFF0093453E /* SaidflixApp.swift in Sources */,
				539164EB2BD0059C0093453E /* FilterBarView.swift in Sources */,
			);
			runOnlyForDeploymentPostprocessing = 0;
		};
/* End PBXSourcesBuildPhase section */

/* Begin XCBuildConfiguration section */
		539164DE2BCFFF040093453E /* Debug */ = {
			isa = XCBuildConfiguration;
			buildSettings = {
				ALWAYS_SEARCH_USER_PATHS = NO;
				ASSETCATALOG_COMPILER_GENERATE_SWIFT_ASSET_SYMBOL_EXTENSIONS = YES;
				CLANG_ANALYZER_NONNULL = YES;
				CLANG_ANALYZER_NUMBER_OBJECT_CONVERSION = YES_AGGRESSIVE;
				CLANG_CXX_LANGUAGE_STANDARD = "gnu++20";
				CLANG_ENABLE_MODULES = YES;
				CLANG_ENABLE_OBJC_ARC = YES;
				CLANG_ENABLE_OBJC_WEAK = YES;
				CLANG_WARN_BLOCK_CAPTURE_AUTORELEASING = YES;
				CLANG_WARN_BOOL_CONVERSION = YES;
				CLANG_WARN_COMMA = YES;
				CLANG_WARN_CONSTANT_CONVERSION = YES;
				CLANG_WARN_DEPRECATED_OBJC_IMPLEMENTATIONS = YES;
				CLANG_WARN_DIRECT_OBJC_ISA_USAGE = YES_ERROR;
				CLANG_WARN_DOCUMENTATION_COMMENTS = YES;
				CLANG_WARN_EMPTY_BODY = YES;
				CLANG_WARN_ENUM_CONVERSION = YES;
				CLANG_WARN_INFINITE_RECURSION = YES;
				CLANG_WARN_INT_CONVERSION = YES;
				CLANG_WARN_NON_LITERAL_NULL_CONVERSION = YES;
				CLANG_WARN_OBJC_IMPLICIT_RETAIN_SELF = YES;
				CLANG_WARN_OBJC_LITERAL_CONVERSION = YES;
				CLANG_WARN_OBJC_ROOT_CLASS = YES_ERROR;
				CLANG_WARN_QUOTED_INCLUDE_IN_FRAMEWORK_HEADER = YES;
				CLANG_WARN_RANGE_LOOP_ANALYSIS = YES;
				CLANG_WARN_STRICT_PROTOTYPES = YES;
				CLANG_WARN_SUSPICIOUS_MOVE = YES;
				CLANG_WARN_UNGUARDED_AVAILABILITY = YES_AGGRESSIVE;
				CLANG_WARN_UNREACHABLE_CODE = YES;
				CLANG_WARN__DUPLICATE_METHOD_MATCH = YES;
				COPY_PHASE_STRIP = NO;
				DEBUG_INFORMATION_FORMAT = dwarf;
				ENABLE_STRICT_OBJC_MSGSEND = YES;
				ENABLE_TESTABILITY = YES;
				ENABLE_USER_SCRIPT_SANDBOXING = YES;
				GCC_C_LANGUAGE_STANDARD = gnu17;
				GCC_DYNAMIC_NO_PIC = NO;
				GCC_NO_COMMON_BLOCKS = YES;
				GCC_OPTIMIZATION_LEVEL = 0;
				GCC_PREPROCESSOR_DEFINITIONS = (
					"DEBUG=1",
					"$(inherited)",
				);
				GCC_WARN_64_TO_32_BIT_CONVERSION = YES;
				GCC_WARN_ABOUT_RETURN_TYPE = YES_ERROR;
				GCC_WARN_UNDECLARED_SELECTOR = YES;
				GCC_WARN_UNINITIALIZED_AUTOS = YES_AGGRESSIVE;
				GCC_WARN_UNUSED_FUNCTION = YES;
				GCC_WARN_UNUSED_VARIABLE = YES;
				IPHONEOS_DEPLOYMENT_TARGET = 17.4;
				LOCALIZATION_PREFERS_STRING_CATALOGS = YES;
				MTL_ENABLE_DEBUG_INFO = INCLUDE_SOURCE;
				MTL_FAST_MATH = YES;
				ONLY_ACTIVE_ARCH = YES;
				SDKROOT = iphoneos;
				SWIFT_ACTIVE_COMPILATION_CONDITIONS = "DEBUG $(inherited)";
				SWIFT_OPTIMIZATION_LEVEL = "-Onone";
			};
			name = Debug;
		};
		539164DF2BCFFF040093453E /* Release */ = {
			isa = XCBuildConfiguration;
			buildSettings = {
				ALWAYS_SEARCH_USER_PATHS = NO;
				ASSETCATALOG_COMPILER_GENERATE_SWIFT_ASSET_SYMBOL_EXTENSIONS = YES;
				CLANG_ANALYZER_NONNULL = YES;
				CLANG_ANALYZER_NUMBER_OBJECT_CONVERSION = YES_AGGRESSIVE;
				CLANG_CXX_LANGUAGE_STANDARD = "gnu++20";
				CLANG_ENABLE_MODULES = YES;
				CLANG_ENABLE_OBJC_ARC = YES;
				CLANG_ENABLE_OBJC_WEAK = YES;
				CLANG_WARN_BLOCK_CAPTURE_AUTORELEASING = YES;
				CLANG_WARN_BOOL_CONVERSION = YES;
				CLANG_WARN_COMMA = YES;
				CLANG_WARN_CONSTANT_CONVERSION = YES;
				CLANG_WARN_DEPRECATED_OBJC_IMPLEMENTATIONS = YES;
				CLANG_WARN_DIRECT_OBJC_ISA_USAGE = YES_ERROR;
				CLANG_WARN_DOCUMENTATION_COMMENTS = YES;
				CLANG_WARN_EMPTY_BODY = YES;
				CLANG_WARN_ENUM_CONVERSION = YES;
				CLANG_WARN_INFINITE_RECURSION = YES;
				CLANG_WARN_INT_CONVERSION = YES;
				CLANG_WARN_NON_LITERAL_NULL_CONVERSION = YES;
				CLANG_WARN_OBJC_IMPLICIT_RETAIN_SELF = YES;
				CLANG_WARN_OBJC_LITERAL_CONVERSION = YES;
				CLANG_WARN_OBJC_ROOT_CLASS = YES_ERROR;
				CLANG_WARN_QUOTED_INCLUDE_IN_FRAMEWORK_HEADER = YES;
				CLANG_WARN_RANGE_LOOP_ANALYSIS = YES;
				CLANG_WARN_STRICT_PROTOTYPES = YES;
				CLANG_WARN_SUSPICIOUS_MOVE = YES;
				CLANG_WARN_UNGUARDED_AVAILABILITY = YES_AGGRESSIVE;
				CLANG_WARN_UNREACHABLE_CODE = YES;
				CLANG_WARN__DUPLICATE_METHOD_MATCH = YES;
				COPY_PHASE_STRIP = NO;
				DEBUG_INFORMATION_FORMAT = "dwarf-with-dsym";
				ENABLE_NS_ASSERTIONS = NO;
				ENABLE_STRICT_OBJC_MSGSEND = YES;
				ENABLE_USER_SCRIPT_SANDBOXING = YES;
				GCC_C_LANGUAGE_STANDARD = gnu17;
				GCC_NO_COMMON_BLOCKS = YES;
				GCC_WARN_64_TO_32_BIT_CONVERSION = YES;
				GCC_WARN_ABOUT_RETURN_TYPE = YES_ERROR;
				GCC_WARN_UNDECLARED_SELECTOR = YES;
				GCC_WARN_UNINITIALIZED_AUTOS = YES_AGGRESSIVE;
				GCC_WARN_UNUSED_FUNCTION = YES;
				GCC_WARN_UNUSED_VARIABLE = YES;
				IPHONEOS_DEPLOYMENT_TARGET = 17.4;
				LOCALIZATION_PREFERS_STRING_CATALOGS = YES;
				MTL_ENABLE_DEBUG_INFO = NO;
				MTL_FAST_MATH = YES;
				SDKROOT = iphoneos;
				SWIFT_COMPILATION_MODE = wholemodule;
				VALIDATE_PRODUCT = YES;
			};
			name = Release;
		};
		539164E12BCFFF040093453E /* Debug */ = {
			isa = XCBuildConfiguration;
			buildSettings = {
				ASSETCATALOG_COMPILER_APPICON_NAME = AppIcon;
				ASSETCATALOG_COMPILER_GLOBAL_ACCENT_COLOR_NAME = AccentColor;
				CODE_SIGN_STYLE = Automatic;
				CURRENT_PROJECT_VERSION = 1;
				DEVELOPMENT_ASSET_PATHS = "\"Saidflix/Preview Content\"";
				DEVELOPMENT_TEAM = 35PGH436K3;
				ENABLE_PREVIEWS = YES;
				GENERATE_INFOPLIST_FILE = YES;
				INFOPLIST_KEY_UIApplicationSceneManifest_Generation = YES;
				INFOPLIST_KEY_UIApplicationSupportsIndirectInputEvents = YES;
				INFOPLIST_KEY_UILaunchScreen_Generation = YES;
				INFOPLIST_KEY_UISupportedInterfaceOrientations_iPad = "UIInterfaceOrientationPortrait UIInterfaceOrientationPortraitUpsideDown UIInterfaceOrientationLandscapeLeft UIInterfaceOrientationLandscapeRight";
				INFOPLIST_KEY_UISupportedInterfaceOrientations_iPhone = "UIInterfaceOrientationPortrait UIInterfaceOrientationLandscapeLeft UIInterfaceOrientationLandscapeRight";
				LD_RUNPATH_SEARCH_PATHS = (
					"$(inherited)",
					"@executable_path/Frameworks",
				);
				MARKETING_VERSION = 1.0;
				PRODUCT_BUNDLE_IDENTIFIER = co.msb.Saidflix;
				PRODUCT_NAME = "$(TARGET_NAME)";
				SWIFT_EMIT_LOC_STRINGS = YES;
				SWIFT_VERSION = 5.0;
				TARGETED_DEVICE_FAMILY = "1,2";
			};
			name = Debug;
		};
		539164E22BCFFF040093453E /* Release */ = {
			isa = XCBuildConfiguration;
			buildSettings = {
				ASSETCATALOG_COMPILER_APPICON_NAME = AppIcon;
				ASSETCATALOG_COMPILER_GLOBAL_ACCENT_COLOR_NAME = AccentColor;
				CODE_SIGN_STYLE = Automatic;
				CURRENT_PROJECT_VERSION = 1;
				DEVELOPMENT_ASSET_PATHS = "\"Saidflix/Preview Content\"";
				DEVELOPMENT_TEAM = 35PGH436K3;
				ENABLE_PREVIEWS = YES;
				GENERATE_INFOPLIST_FILE = YES;
				INFOPLIST_KEY_UIApplicationSceneManifest_Generation = YES;
				INFOPLIST_KEY_UIApplicationSupportsIndirectInputEvents = YES;
				INFOPLIST_KEY_UILaunchScreen_Generation = YES;
				INFOPLIST_KEY_UISupportedInterfaceOrientations_iPad = "UIInterfaceOrientationPortrait UIInterfaceOrientationPortraitUpsideDown UIInterfaceOrientationLandscapeLeft UIInterfaceOrientationLandscapeRight";
				INFOPLIST_KEY_UISupportedInterfaceOrientations_iPhone = "UIInterfaceOrientationPortrait UIInterfaceOrientationLandscapeLeft UIInterfaceOrientationLandscapeRight";
				LD_RUNPATH_SEARCH_PATHS = (
					"$(inherited)",
					"@executable_path/Frameworks",
				);
				MARKETING_VERSION = 1.0;
				PRODUCT_BUNDLE_IDENTIFIER = co.msb.Saidflix;
				PRODUCT_NAME = "$(TARGET_NAME)";
				SWIFT_EMIT_LOC_STRINGS = YES;
				SWIFT_VERSION = 5.0;
				TARGETED_DEVICE_FAMILY = "1,2";
			};
			name = Release;
		};
/* End XCBuildConfiguration section */

/* Begin XCConfigurationList section */
		539164CD2BCFFEFF0093453E /* Build configuration list for PBXProject "Saidflix" */ = {
			isa = XCConfigurationList;
			buildConfigurations = (
				539164DE2BCFFF040093453E /* Debug */,
				539164DF2BCFFF040093453E /* Release */,
			);
			defaultConfigurationIsVisible = 0;
			defaultConfigurationName = Release;
		};
		539164E02BCFFF040093453E /* Build configuration list for PBXNativeTarget "Saidflix" */ = {
			isa = XCConfigurationList;
			buildConfigurations = (
				539164E12BCFFF040093453E /* Debug */,
				539164E22BCFFF040093453E /* Release */,
			);
			defaultConfigurationIsVisible = 0;
			defaultConfigurationName = Release;
		};
/* End XCConfigurationList section */

/* Begin XCRemoteSwiftPackageReference section */
		539164FA2BD011D60093453E /* XCRemoteSwiftPackageReference "SwiftfulUI" */ = {
			isa = XCRemoteSwiftPackageReference;
			repositoryURL = "https://github.com/SwiftfulThinking/SwiftfulUI.git";
			requirement = {
				kind = upToNextMajorVersion;
				minimumVersion = 1.2.0;
			};
		};
		539164FD2BD011E30093453E /* XCRemoteSwiftPackageReference "SwiftfulRouting" */ = {
			isa = XCRemoteSwiftPackageReference;
			repositoryURL = "https://github.com/SwiftfulThinking/SwiftfulRouting.git";
			requirement = {
				kind = upToNextMajorVersion;
				minimumVersion = 5.3.2;
			};
		};
		539165002BD011F60093453E /* XCRemoteSwiftPackageReference "SDWebImageSwiftUI" */ = {
			isa = XCRemoteSwiftPackageReference;
			repositoryURL = "https://github.com/SDWebImage/SDWebImageSwiftUI.git";
			requirement = {
				kind = upToNextMajorVersion;
				minimumVersion = 3.0.2;
			};
		};
/* End XCRemoteSwiftPackageReference section */

/* Begin XCSwiftPackageProductDependency section */
		539164FB2BD011D70093453E /* SwiftfulUI */ = {
			isa = XCSwiftPackageProductDependency;
			package = 539164FA2BD011D60093453E /* XCRemoteSwiftPackageReference "SwiftfulUI" */;
			productName = SwiftfulUI;
		};
		539164FE2BD011E30093453E /* SwiftfulRouting */ = {
			isa = XCSwiftPackageProductDependency;
			package = 539164FD2BD011E30093453E /* XCRemoteSwiftPackageReference "SwiftfulRouting" */;
			productName = SwiftfulRouting;
		};
		539165012BD011F60093453E /* SDWebImageSwiftUI */ = {
			isa = XCSwiftPackageProductDependency;
			package = 539165002BD011F60093453E /* XCRemoteSwiftPackageReference "SDWebImageSwiftUI" */;
			productName = SDWebImageSwiftUI;
		};
/* End XCSwiftPackageProductDependency section */
	};
	rootObject = 539164CA2BCFFEFF0093453E /* Project object */;
}
